
Microsoft Visual Studio Solution File, Format Version 12.00
# Visual Studio Version 17
VisualStudioVersion = 17.5.33424.131
MinimumVisualStudioVersion = 10.0.40219.1
Project("{FAE04EC0-301F-11D3-BF4B-00C04F79EFBC}") = "LinqColeccion", "LinqColeccion\LinqColeccion.csproj", "{81910C42-F08D-4976-B7A0-AF6B7E478F51}"
EndProject
Global
	GlobalSection(SolutionConfigurationPlatforms) = preSolution
		Debug|Any CPU = Debug|Any CPU
		Release|Any CPU = Release|Any CPU
	EndGlobalSection
	GlobalSection(ProjectConfigurationPlatforms) = postSolution
		{81910C42-F08D-4976-B7A0-AF6B7E478F51}.Debug|Any CPU.ActiveCfg = Debug|Any CPU
		{81910C42-F08D-4976-B7A0-AF6B7E478F51}.Debug|Any CPU.Build.0 = Debug|Any CPU
		{81910C42-F08D-4976-B7A0-AF6B7E478F51}.Release|Any CPU.ActiveCfg = Release|Any CPU
		{81910C42-F08D-4976-B7A0-AF6B7E478F51}.Release|Any CPU.Build.0 = Release|Any CPU
	EndGlobalSection
	GlobalSection(SolutionProperties) = preSolution
		HideSolutionNode = FALSE
	EndGlobalSection
	GlobalSection(ExtensibilityGlobals) = postSolution
		SolutionGuid = {C29E6E8A-8AB7-4FB4-862E-06AC7805FA2D}
	EndGlobalSection
EndGlobal
